<?xml version="1.0" encoding="utf-8"?>
<Project ToolsVersion="4.0" xmlns="http://schemas.microsoft.com/developer/msbuild/2003">
  <ItemGroup>
    <ClCompile Include="Objects\Bullet.cpp">
      <Filter>Objects</Filter>
    </ClCompile>
    <ClCompile Include="Objects\Liner.cpp">
      <Filter>Objects</Filter>
    </ClCompile>
    <ClCompile Include="Objects\Marker.cpp">
      <Filter>Objects</Filter>
    </ClCompile>
    <ClCompile Include="Objects\Player.cpp">
      <Filter>Objects</Filter>
    </ClCompile>
    <ClCompile Include="Renders\Animation.cpp">
      <Filter>Renders</Filter>
    </ClCompile>
    <ClCompile Include="Renders\Clip.cpp">
      <Filter>Renders</Filter>
    </ClCompile>
    <ClCompile Include="Renders\Rect.cpp">
      <Filter>Renders</Filter>
    </ClCompile>
    <ClCompile Include="Renders\Shader.cpp">
      <Filter>Renders</Filter>
    </ClCompile>
    <ClCompile Include="Renders\Sprite.cpp">
      <Filter>Renders</Filter>
    </ClCompile>
    <ClCompile Include="Scenes\Sonic.cpp">
      <Filter>Scenes</Filter>
    </ClCompile>
    <ClCompile Include="Scenes\Stage1.cpp">
      <Filter>Scenes</Filter>
    </ClCompile>
    <ClCompile Include="Scenes\Stage2.cpp">
      <Filter>Scenes</Filter>
    </ClCompile>
    <ClCompile Include="Systems\CMouse.cpp">
      <Filter>Systems</Filter>
    </ClCompile>
    <ClCompile Include="Systems\Device.cpp">
      <Filter>Systems</Filter>
    </ClCompile>
    <ClCompile Include="Systems\DirectWrite.cpp">
      <Filter>Systems</Filter>
    </ClCompile>
    <ClCompile Include="Systems\Grid.cpp">
      <Filter>Systems</Filter>
    </ClCompile>
    <ClCompile Include="Systems\Keyboard.cpp">
      <Filter>Systems</Filter>
    </ClCompile>
    <ClCompile Include="Systems\Line.cpp">
      <Filter>Systems</Filter>
    </ClCompile>
    <ClCompile Include="Systems\Time.cpp">
      <Filter>Systems</Filter>
    </ClCompile>
    <ClCompile Include="Utilities\BinaryFile.cpp">
      <Filter>Utilities</Filter>
    </ClCompile>
    <ClCompile Include="Utilities\Math.cpp">
      <Filter>Utilities</Filter>
    </ClCompile>
    <ClCompile Include="Utilities\Path.cpp">
      <Filter>Utilities</Filter>
    </ClCompile>
    <ClCompile Include="Utilities\String.cpp">
      <Filter>Utilities</Filter>
    </ClCompile>
    <ClCompile Include="Viewer\Camera.cpp">
      <Filter>Viewer</Filter>
    </ClCompile>
    <ClCompile Include="Viewer\Following.cpp">
      <Filter>Viewer</Filter>
    </ClCompile>
    <ClCompile Include="Viewer\Freedom.cpp">
      <Filter>Viewer</Filter>
    </ClCompile>
    <ClCompile Include="Program.cpp" />
    <ClCompile Include="stdafx.cpp" />
    <ClCompile Include="PlayerState\PlayerState.cpp">
      <Filter>PlayerState</Filter>
    </ClCompile>
    <ClCompile Include="Sounds\Sound.cpp">
      <Filter>Sounds</Filter>
    </ClCompile>
    <ClCompile Include="Sounds\soundclass.cpp">
      <Filter>Sounds</Filter>
    </ClCompile>
    <ClCompile Include="PlayerState\OnGroundState.cpp">
      <Filter>PlayerState</Filter>
    </ClCompile>
    <ClCompile Include="PlayerState\AimState.cpp">
      <Filter>PlayerState</Filter>
    </ClCompile>
    <ClCompile Include="PlayerState\IdleState.cpp">
      <Filter>PlayerState</Filter>
    </ClCompile>
    <ClCompile Include="PlayerState\OnAirState.cpp">
      <Filter>PlayerState</Filter>
    </ClCompile>
    <ClCompile Include="PlayerState\JumpState.cpp">
      <Filter>PlayerState</Filter>
    </ClCompile>
    <ClCompile Include="PlayerState\ParryState.cpp">
      <Filter>PlayerState</Filter>
    </ClCompile>
    <ClCompile Include="PlayerState\RunState.cpp">
      <Filter>PlayerState</Filter>
    </ClCompile>
    <ClCompile Include="PlayerState\DuckState.cpp">
      <Filter>PlayerState</Filter>
    </ClCompile>
    <ClCompile Include="PlayerState\DashState.cpp">
      <Filter>PlayerState</Filter>
    </ClCompile>
    <ClCompile Include="Objects\Object.cpp">
      <Filter>Objects</Filter>
    </ClCompile>
    <ClCompile Include="Scenes\EditScene.cpp">
      <Filter>Scenes</Filter>
    </ClCompile>
    <ClCompile Include="Editor\Editor.cpp">
      <Filter>Editor</Filter>
    </ClCompile>
    <ClCompile Include="Objects\StaticObject.cpp">
      <Filter>Objects</Filter>
    </ClCompile>
    <ClCompile Include="ObjectPool\DuckPool.cpp">
      <Filter>ObjectPool</Filter>
    </ClCompile>
    <ClCompile Include="Objects\Duck.cpp">
      <Filter>Objects</Filter>
    </ClCompile>
    <ClCompile Include="Objects\Enemy.cpp">
      <Filter>Objects</Filter>
    </ClCompile>
    <ClCompile Include="BossState\BossState.cpp">
      <Filter>BossState</Filter>
    </ClCompile>
    <ClCompile Include="Objects\Boss.cpp">
      <Filter>Objects</Filter>
    </ClCompile>
    <ClCompile Include="Objects\Pipe_Phase1.cpp">
      <Filter>Objects</Filter>
    </ClCompile>
    <ClCompile Include="BossState\Phase1_IntroState.cpp">
      <Filter>BossState</Filter>
    </ClCompile>
    <ClCompile Include="BossState\Phase1_AttackState.cpp">
      <Filter>BossState</Filter>
    </ClCompile>
    <ClCompile Include="BossState\Phase1_IdleState.cpp">
      <Filter>BossState</Filter>
    </ClCompile>
    <ClCompile Include="BossState\Phase1_DeathState.cpp">
      <Filter>BossState</Filter>
    </ClCompile>
    <ClCompile Include="BossState\Phase2_AttackState.cpp">
      <Filter>BossState</Filter>
    </ClCompile>
    <ClCompile Include="BossState\Phase2_DeathState.cpp">
      <Filter>BossState</Filter>
    </ClCompile>
    <ClCompile Include="BossState\Phase2_IdleState.cpp">
      <Filter>BossState</Filter>
    </ClCompile>
    <ClCompile Include="BossState\Phase2_IntroState.cpp">
      <Filter>BossState</Filter>
    </ClCompile>
    <ClCompile Include="BossState\Phase3_AttackState.cpp">
      <Filter>BossState</Filter>
    </ClCompile>
    <ClCompile Include="BossState\Phase3_DeathState.cpp">
      <Filter>BossState</Filter>
    </ClCompile>
    <ClCompile Include="BossState\Phase3_IdleState.cpp">
      <Filter>BossState</Filter>
    </ClCompile>
    <ClCompile Include="BossState\Phase3_IntroState.cpp">
      <Filter>BossState</Filter>
    </ClCompile>
    <ClCompile Include="BossState\Phase4_AttackState.cpp">
      <Filter>BossState</Filter>
    </ClCompile>
    <ClCompile Include="BossState\Phase4_DeathState.cpp">
      <Filter>BossState</Filter>
    </ClCompile>
    <ClCompile Include="BossState\Phase4_IdleState.cpp">
      <Filter>BossState</Filter>
    </ClCompile>
    <ClCompile Include="BossState\Phase4_IntroState.cpp">
      <Filter>BossState</Filter>
    </ClCompile>
    <ClCompile Include="PlayerState\DamageState.cpp">
      <Filter>PlayerState</Filter>
    </ClCompile>
    <ClCompile Include="Objects\PeaShot.cpp">
      <Filter>Objects</Filter>
    </ClCompile>
  </ItemGroup>
  <ItemGroup>
    <Filter Include="Renders">
      <UniqueIdentifier>{ff86424b-d2ce-457d-a059-68d4c1ddba82}</UniqueIdentifier>
    </Filter>
    <Filter Include="Scenes">
      <UniqueIdentifier>{8e6ae747-9ef3-4244-be4e-f66d00f00313}</UniqueIdentifier>
    </Filter>
    <Filter Include="Systems">
      <UniqueIdentifier>{d32da9b1-a122-41a3-b169-149f1e9525f6}</UniqueIdentifier>
    </Filter>
    <Filter Include="Utilities">
      <UniqueIdentifier>{87ffeebb-5f24-4e37-b419-799bbfb2f850}</UniqueIdentifier>
    </Filter>
    <Filter Include="Viewer">
      <UniqueIdentifier>{251cc4eb-1d06-4964-87f6-6e6140726efc}</UniqueIdentifier>
    </Filter>
    <Filter Include="Objects">
      <UniqueIdentifier>{18f0898a-ff7f-4503-8ad9-3838fbdf3685}</UniqueIdentifier>
    </Filter>
    <Filter Include="PlayerState">
      <UniqueIdentifier>{7b348e9d-095b-4a37-ac0b-24af2277df7b}</UniqueIdentifier>
    </Filter>
    <Filter Include="Sounds">
      <UniqueIdentifier>{157e2da3-fbbd-488b-bfc6-33e9579546ae}</UniqueIdentifier>
    </Filter>
    <Filter Include="Editor">
      <UniqueIdentifier>{8baa7d55-6e37-4da9-acb9-98064f8bfd0a}</UniqueIdentifier>
    </Filter>
    <Filter Include="ObjectPool">
      <UniqueIdentifier>{72fa0d70-5c9f-42a7-ac33-663ffa9f85ed}</UniqueIdentifier>
    </Filter>
    <Filter Include="BossState">
      <UniqueIdentifier>{8dc9a30b-5f02-4a6d-a46b-c8e7cdd716c0}</UniqueIdentifier>
    </Filter>
  </ItemGroup>
  <ItemGroup>
    <ClInclude Include="Objects\Bullet.h">
      <Filter>Objects</Filter>
    </ClInclude>
    <ClInclude Include="Objects\Liner.h">
      <Filter>Objects</Filter>
    </ClInclude>
    <ClInclude Include="Objects\Marker.h">
      <Filter>Objects</Filter>
    </ClInclude>
    <ClInclude Include="Objects\Player.h">
      <Filter>Objects</Filter>
    </ClInclude>
    <ClInclude Include="Renders\Animation.h">
      <Filter>Renders</Filter>
    </ClInclude>
    <ClInclude Include="Renders\Clip.h">
      <Filter>Renders</Filter>
    </ClInclude>
    <ClInclude Include="Renders\Rect.h">
      <Filter>Renders</Filter>
    </ClInclude>
    <ClInclude Include="Renders\Shader.h">
      <Filter>Renders</Filter>
    </ClInclude>
    <ClInclude Include="Renders\Sprite.h">
      <Filter>Renders</Filter>
    </ClInclude>
    <ClInclude Include="Scenes\Scene.h">
      <Filter>Scenes</Filter>
    </ClInclude>
    <ClInclude Include="Scenes\Sonic.h">
      <Filter>Scenes</Filter>
    </ClInclude>
    <ClInclude Include="Scenes\Stage1.h">
      <Filter>Scenes</Filter>
    </ClInclude>
    <ClInclude Include="Scenes\Stage2.h">
      <Filter>Scenes</Filter>
    </ClInclude>
    <ClInclude Include="Systems\CMouse.h">
      <Filter>Systems</Filter>
    </ClInclude>
    <ClInclude Include="Systems\Device.h">
      <Filter>Systems</Filter>
    </ClInclude>
    <ClInclude Include="Systems\DirectWrite.h">
      <Filter>Systems</Filter>
    </ClInclude>
    <ClInclude Include="Systems\Grid.h">
      <Filter>Systems</Filter>
    </ClInclude>
    <ClInclude Include="Systems\Keyboard.h">
      <Filter>Systems</Filter>
    </ClInclude>
    <ClInclude Include="Systems\Line.h">
      <Filter>Systems</Filter>
    </ClInclude>
    <ClInclude Include="Systems\Time.h">
      <Filter>Systems</Filter>
    </ClInclude>
    <ClInclude Include="Utilities\BinaryFile.h">
      <Filter>Utilities</Filter>
    </ClInclude>
    <ClInclude Include="Utilities\Math.h">
      <Filter>Utilities</Filter>
    </ClInclude>
    <ClInclude Include="Utilities\Path.h">
      <Filter>Utilities</Filter>
    </ClInclude>
    <ClInclude Include="Utilities\String.h">
      <Filter>Utilities</Filter>
    </ClInclude>
    <ClInclude Include="Utilities\Xml.h">
      <Filter>Utilities</Filter>
    </ClInclude>
    <ClInclude Include="Viewer\Camera.h">
      <Filter>Viewer</Filter>
    </ClInclude>
    <ClInclude Include="Viewer\Following.h">
      <Filter>Viewer</Filter>
    </ClInclude>
    <ClInclude Include="Viewer\Freedom.h">
      <Filter>Viewer</Filter>
    </ClInclude>
    <ClInclude Include="Viewer\IFollowing.h">
      <Filter>Viewer</Filter>
    </ClInclude>
    <ClInclude Include="stdafx.h" />
    <ClInclude Include="PlayerState\PlayerState.h">
      <Filter>PlayerState</Filter>
    </ClInclude>
    <ClInclude Include="Sounds\Sound.h">
      <Filter>Sounds</Filter>
    </ClInclude>
    <ClInclude Include="Sounds\soundclass.h">
      <Filter>Sounds</Filter>
    </ClInclude>
    <ClInclude Include="PlayerState\OnGroundState.h">
      <Filter>PlayerState</Filter>
    </ClInclude>
    <ClInclude Include="PlayerState\AimState.h">
      <Filter>PlayerState</Filter>
    </ClInclude>
    <ClInclude Include="PlayerState\IdleState.h">
      <Filter>PlayerState</Filter>
    </ClInclude>
    <ClInclude Include="PlayerState\OnAirState.h">
      <Filter>PlayerState</Filter>
    </ClInclude>
    <ClInclude Include="PlayerState\JumpState.h">
      <Filter>PlayerState</Filter>
    </ClInclude>
    <ClInclude Include="PlayerState\ParryState.h">
      <Filter>PlayerState</Filter>
    </ClInclude>
    <ClInclude Include="PlayerState\RunState.h">
      <Filter>PlayerState</Filter>
    </ClInclude>
    <ClInclude Include="PlayerState\DuckState.h">
      <Filter>PlayerState</Filter>
    </ClInclude>
    <ClInclude Include="PlayerState\DashState.h">
      <Filter>PlayerState</Filter>
    </ClInclude>
    <ClInclude Include="Objects\Object.h">
      <Filter>Objects</Filter>
    </ClInclude>
    <ClInclude Include="Scenes\EditScene.h">
      <Filter>Scenes</Filter>
    </ClInclude>
    <ClInclude Include="Editor\Editor.h">
      <Filter>Editor</Filter>
    </ClInclude>
    <ClInclude Include="Objects\StaticObject.h">
      <Filter>Objects</Filter>
    </ClInclude>
    <ClInclude Include="ObjectPool\DuckPool.h">
      <Filter>ObjectPool</Filter>
    </ClInclude>
    <ClInclude Include="Objects\Duck.h">
      <Filter>Objects</Filter>
    </ClInclude>
    <ClInclude Include="Objects\Enemy.h">
      <Filter>Objects</Filter>
    </ClInclude>
    <ClInclude Include="BossState\BossState.h">
      <Filter>BossState</Filter>
    </ClInclude>
    <ClInclude Include="Objects\Boss.h">
      <Filter>Objects</Filter>
    </ClInclude>
    <ClInclude Include="Objects\Pipe_Phase1.h">
      <Filter>Objects</Filter>
    </ClInclude>
    <ClInclude Include="BossState\Phase1_IdleState.h">
      <Filter>BossState</Filter>
    </ClInclude>
    <ClInclude Include="BossState\Phase1_AttackState.h">
      <Filter>BossState</Filter>
    </ClInclude>
    <ClInclude Include="BossState\Phase1_DeathState.h">
      <Filter>BossState</Filter>
    </ClInclude>
    <ClInclude Include="BossState\Phase1_IntroState.h">
      <Filter>BossState</Filter>
    </ClInclude>
    <ClInclude Include="BossState\Phase2_AttackState.h">
      <Filter>BossState</Filter>
    </ClInclude>
    <ClInclude Include="BossState\Phase2_DeathState.h">
      <Filter>BossState</Filter>
    </ClInclude>
    <ClInclude Include="BossState\Phase2_IdleState.h">
      <Filter>BossState</Filter>
    </ClInclude>
    <ClInclude Include="BossState\Phase2_IntroState.h">
      <Filter>BossState</Filter>
    </ClInclude>
    <ClInclude Include="BossState\Phase3_AttackState.h">
      <Filter>BossState</Filter>
    </ClInclude>
    <ClInclude Include="BossState\Phase3_DeathState.h">
      <Filter>BossState</Filter>
    </ClInclude>
    <ClInclude Include="BossState\Phase3_IdleState.h">
      <Filter>BossState</Filter>
    </ClInclude>
    <ClInclude Include="BossState\Phase3_IntroState.h">
      <Filter>BossState</Filter>
    </ClInclude>
    <ClInclude Include="BossState\Phase4_AttackState.h">
      <Filter>BossState</Filter>
    </ClInclude>
    <ClInclude Include="BossState\Phase4_DeathState.h">
      <Filter>BossState</Filter>
    </ClInclude>
    <ClInclude Include="BossState\Phase4_IdleState.h">
      <Filter>BossState</Filter>
    </ClInclude>
    <ClInclude Include="BossState\Phase4_IntroState.h">
      <Filter>BossState</Filter>
    </ClInclude>
    <ClInclude Include="PlayerState\DamageState.h">
      <Filter>PlayerState</Filter>
    </ClInclude>
    <ClInclude Include="Objects\PeaShot.h">
      <Filter>Objects</Filter>
    </ClInclude>
  </ItemGroup>
  <ItemGroup>
    <None Include="Utilities\Xml.cpp">
      <Filter>Utilities</Filter>
    </None>
  </ItemGroup>
</Project>